
Microsoft Visual Studio Solution File, Format Version 12.00
# Visual Studio Version 16
VisualStudioVersion = 16.0.31410.357
MinimumVisualStudioVersion = 10.0.40219.1
Project("{FAE04EC0-301F-11D3-BF4B-00C04F79EFBC}") = "BeppyServer", "BeppyServer.csproj", "{82ADB1AF-333C-4CA0-B2C1-224AA21AE5E1}"
EndProject
Project("{FAE04EC0-301F-11D3-BF4B-00C04F79EFBC}") = "BeppyServer.WebServer", "BeppyServer.WebServer\BeppyServer.WebServer.csproj", "{D14D9314-AF84-44F0-9764-AE70532938C8}"
EndProject
Global
	GlobalSection(SolutionConfigurationPlatforms) = preSolution
		Debug|Any CPU = Debug|Any CPU
		Linux|Any CPU = Linux|Any CPU
		Release|Any CPU = Release|Any CPU
		Win32|Any CPU = Win32|Any CPU
	EndGlobalSection
	GlobalSection(ProjectConfigurationPlatforms) = postSolution
		{82ADB1AF-333C-4CA0-B2C1-224AA21AE5E1}.Debug|Any CPU.ActiveCfg = Debug|Any CPU
		{82ADB1AF-333C-4CA0-B2C1-224AA21AE5E1}.Debug|Any CPU.Build.0 = Debug|Any CPU
		{82ADB1AF-333C-4CA0-B2C1-224AA21AE5E1}.Linux|Any CPU.ActiveCfg = Linux|Any CPU
		{82ADB1AF-333C-4CA0-B2C1-224AA21AE5E1}.Linux|Any CPU.Build.0 = Linux|Any CPU
		{82ADB1AF-333C-4CA0-B2C1-224AA21AE5E1}.Release|Any CPU.ActiveCfg = Release|Any CPU
		{82ADB1AF-333C-4CA0-B2C1-224AA21AE5E1}.Release|Any CPU.Build.0 = Release|Any CPU
		{82ADB1AF-333C-4CA0-B2C1-224AA21AE5E1}.Win32|Any CPU.ActiveCfg = Win32|Any CPU
		{82ADB1AF-333C-4CA0-B2C1-224AA21AE5E1}.Win32|Any CPU.Build.0 = Win32|Any CPU
		{D14D9314-AF84-44F0-9764-AE70532938C8}.Debug|Any CPU.ActiveCfg = Debug|Any CPU
		{D14D9314-AF84-44F0-9764-AE70532938C8}.Debug|Any CPU.Build.0 = Debug|Any CPU
		{D14D9314-AF84-44F0-9764-AE70532938C8}.Linux|Any CPU.ActiveCfg = Debug|Any CPU
		{D14D9314-AF84-44F0-9764-AE70532938C8}.Linux|Any CPU.Build.0 = Debug|Any CPU
		{D14D9314-AF84-44F0-9764-AE70532938C8}.Release|Any CPU.ActiveCfg = Release|Any CPU
		{D14D9314-AF84-44F0-9764-AE70532938C8}.Release|Any CPU.Build.0 = Release|Any CPU
		{D14D9314-AF84-44F0-9764-AE70532938C8}.Win32|Any CPU.ActiveCfg = Debug|Any CPU
		{D14D9314-AF84-44F0-9764-AE70532938C8}.Win32|Any CPU.Build.0 = Debug|Any CPU
	EndGlobalSection
	GlobalSection(SolutionProperties) = preSolution
		HideSolutionNode = FALSE
	EndGlobalSection
	GlobalSection(ExtensibilityGlobals) = postSolution
		SolutionGuid = {6EDAF48A-FEC2-4960-A33D-865D1D4E8172}
	EndGlobalSection
EndGlobal
